
Microsoft Visual Studio Solution File, Format Version 12.00
# Visual Studio Version 17
VisualStudioVersion = 17.7.34003.232
MinimumVisualStudioVersion = 10.0.40219.1
Project("{FAE04EC0-301F-11D3-BF4B-00C04F79EFBC}") = "EmployeeServices", "WebApplication1\EmployeeServices.csproj", "{C8EB57E0-8B48-44F9-9C5F-7A1808AA9532}"
EndProject
Project("{FAE04EC0-301F-11D3-BF4B-00C04F79EFBC}") = "EmployeeDataAcess", "EmployeeServices\EmployeeDataAcess.csproj", "{2929D386-371F-40C4-87CD-F9415EF1EED3}"
EndProject
Global
	GlobalSection(SolutionConfigurationPlatforms) = preSolution
		Debug|Any CPU = Debug|Any CPU
		Release|Any CPU = Release|Any CPU
	EndGlobalSection
	GlobalSection(ProjectConfigurationPlatforms) = postSolution
		{C8EB57E0-8B48-44F9-9C5F-7A1808AA9532}.Debug|Any CPU.ActiveCfg = Debug|Any CPU
		{C8EB57E0-8B48-44F9-9C5F-7A1808AA9532}.Debug|Any CPU.Build.0 = Debug|Any CPU
		{C8EB57E0-8B48-44F9-9C5F-7A1808AA9532}.Release|Any CPU.ActiveCfg = Release|Any CPU
		{C8EB57E0-8B48-44F9-9C5F-7A1808AA9532}.Release|Any CPU.Build.0 = Release|Any CPU
		{2929D386-371F-40C4-87CD-F9415EF1EED3}.Debug|Any CPU.ActiveCfg = Debug|Any CPU
		{2929D386-371F-40C4-87CD-F9415EF1EED3}.Debug|Any CPU.Build.0 = Debug|Any CPU
		{2929D386-371F-40C4-87CD-F9415EF1EED3}.Release|Any CPU.ActiveCfg = Release|Any CPU
		{2929D386-371F-40C4-87CD-F9415EF1EED3}.Release|Any CPU.Build.0 = Release|Any CPU
	EndGlobalSection
	GlobalSection(SolutionProperties) = preSolution
		HideSolutionNode = FALSE
	EndGlobalSection
	GlobalSection(ExtensibilityGlobals) = postSolution
		SolutionGuid = {CCB31C28-B99C-4BC7-BDC4-E774EEC5996D}
	EndGlobalSection
EndGlobal
